// !$*UTF8*$!
{
	archiveVersion = 1;
	classes = {
	};
	objectVersion = 48;
	objects = {

/* Begin PBXBuildFile section */
		2F95EC3A1FE7B1A700F923BA /* AppDelegate.m in Sources */ = {isa = PBXBuildFile; fileRef = 2F95EC391FE7B1A700F923BA /* AppDelegate.m */; };
		2F95EC3D1FE7B1A700F923BA /* ViewController.m in Sources */ = {isa = PBXBuildFile; fileRef = 2F95EC3C1FE7B1A700F923BA /* ViewController.m */; };
		2F95EC401FE7B1A700F923BA /* Main.storyboard in Resources */ = {isa = PBXBuildFile; fileRef = 2F95EC3E1FE7B1A700F923BA /* Main.storyboard */; };
		2F95EC421FE7B1A700F923BA /* Assets.xcassets in Resources */ = {isa = PBXBuildFile; fileRef = 2F95EC411FE7B1A700F923BA /* Assets.xcassets */; };
		2F95EC451FE7B1A700F923BA /* LaunchScreen.storyboard in Resources */ = {isa = PBXBuildFile; fileRef = 2F95EC431FE7B1A700F923BA /* LaunchScreen.storyboard */; };
		2F95EC481FE7B1A700F923BA /* main.m in Sources */ = {isa = PBXBuildFile; fileRef = 2F95EC471FE7B1A700F923BA /* main.m */; };
		2F95EC521FE7B1A700F923BA /* VCselectionTests.m in Sources */ = {isa = PBXBuildFile; fileRef = 2F95EC511FE7B1A700F923BA /* VCselectionTests.m */; };
		2F95EC5D1FE7B1A700F923BA /* VCselectionUITests.m in Sources */ = {isa = PBXBuildFile; fileRef = 2F95EC5C1FE7B1A700F923BA /* VCselectionUITests.m */; };
/* End PBXBuildFile section */

/* Begin PBXContainerItemProxy section */
		2F95EC4E1FE7B1A700F923BA /* PBXContainerItemProxy */ = {
			isa = PBXContainerItemProxy;
			containerPortal = 2F95EC2D1FE7B1A700F923BA /* Project object */;
			proxyType = 1;
			remoteGlobalIDString = 2F95EC341FE7B1A700F923BA;
			remoteInfo = VCselection;
		};
		2F95EC591FE7B1A700F923BA /* PBXContainerItemProxy */ = {
			isa = PBXContainerItemProxy;
			containerPortal = 2F95EC2D1FE7B1A700F923BA /* Project object */;
			proxyType = 1;
			remoteGlobalIDString = 2F95EC341FE7B1A700F923BA;
			remoteInfo = VCselection;
		};
/* End PBXContainerItemProxy section */

/* Begin PBXFileReference section */
		2F95EC351FE7B1A700F923BA /* VCselection.app */ = {isa = PBXFileReference; explicitFileType = wrapper.application; includeInIndex = 0; path = VCselection.app; sourceTree = BUILT_PRODUCTS_DIR; };
		2F95EC381FE7B1A700F923BA /* AppDelegate.h */ = {isa = PBXFileReference; lastKnownFileType = sourcecode.c.h; path = AppDelegate.h; sourceTree = "<group>"; };
		2F95EC391FE7B1A700F923BA /* AppDelegate.m */ = {isa = PBXFileReference; lastKnownFileType = sourcecode.c.objc; path = AppDelegate.m; sourceTree = "<group>"; };
		2F95EC3B1FE7B1A700F923BA /* ViewController.h */ = {isa = PBXFileReference; lastKnownFileType = sourcecode.c.h; path = ViewController.h; sourceTree = "<group>"; };
		2F95EC3C1FE7B1A700F923BA /* ViewController.m */ = {isa = PBXFileReference; lastKnownFileType = sourcecode.c.objc; path = ViewController.m; sourceTree = "<group>"; };
		2F95EC3F1FE7B1A700F923BA /* Base */ = {isa = PBXFileReference; lastKnownFileType = file.storyboard; name = Base; path = Base.lproj/Main.storyboard; sourceTree = "<group>"; };
		2F95EC411FE7B1A700F923BA /* Assets.xcassets */ = {isa = PBXFileReference; lastKnownFileType = folder.assetcatalog; path = Assets.xcassets; sourceTree = "<group>"; };
		2F95EC441FE7B1A700F923BA /* Base */ = {isa = PBXFileReference; lastKnownFileType = file.storyboard; name = Base; path = Base.lproj/LaunchScreen.storyboard; sourceTree = "<group>"; };
		2F95EC461FE7B1A700F923BA /* Info.plist */ = {isa = PBXFileReference; lastKnownFileType = text.plist.xml; path = Info.plist; sourceTree = "<group>"; };
		2F95EC471FE7B1A700F923BA /* main.m */ = {isa = PBXFileReference; lastKnownFileType = sourcecode.c.objc; path = main.m; sourceTree = "<group>"; };
		2F95EC4D1FE7B1A700F923BA /* VCselectionTests.xctest */ = {isa = PBXFileReference; explicitFileType = wrapper.cfbundle; includeInIndex = 0; path = VCselectionTests.xctest; sourceTree = BUILT_PRODUCTS_DIR; };
		2F95EC511FE7B1A700F923BA /* VCselectionTests.m */ = {isa = PBXFileReference; lastKnownFileType = sourcecode.c.objc; path = VCselectionTests.m; sourceTree = "<group>"; };
		2F95EC531FE7B1A700F923BA /* Info.plist */ = {isa = PBXFileReference; lastKnownFileType = text.plist.xml; path = Info.plist; sourceTree = "<group>"; };
		2F95EC581FE7B1A700F923BA /* VCselectionUITests.xctest */ = {isa = PBXFileReference; explicitFileType = wrapper.cfbundle; includeInIndex = 0; path = VCselectionUITests.xctest; sourceTree = BUILT_PRODUCTS_DIR; };
		2F95EC5C1FE7B1A700F923BA /* VCselectionUITests.m */ = {isa = PBXFileReference; lastKnownFileType = sourcecode.c.objc; path = VCselectionUITests.m; sourceTree = "<group>"; };
		2F95EC5E1FE7B1A700F923BA /* Info.plist */ = {isa = PBXFileReference; lastKnownFileType = text.plist.xml; path = Info.plist; sourceTree = "<group>"; };
/* End PBXFileReference section */

/* Begin PBXFrameworksBuildPhase section */
		2F95EC321FE7B1A700F923BA /* Frameworks */ = {
			isa = PBXFrameworksBuildPhase;
			buildActionMask = 2147483647;
			files = (
			);
			runOnlyForDeploymentPostprocessing = 0;
		};
		2F95EC4A1FE7B1A700F923BA /* Frameworks */ = {
			isa = PBXFrameworksBuildPhase;
			buildActionMask = 2147483647;
			files = (
			);
			runOnlyForDeploymentPostprocessing = 0;
		};
		2F95EC551FE7B1A700F923BA /* Frameworks */ = {
			isa = PBXFrameworksBuildPhase;
			buildActionMask = 2147483647;
			files = (
			);
			runOnlyForDeploymentPostprocessing = 0;
		};
/* End PBXFrameworksBuildPhase section */

/* Begin PBXGroup section */
		2F95EC2C1FE7B1A700F923BA = {
			isa = PBXGroup;
			children = (
				2F95EC371FE7B1A700F923BA /* VCselection */,
				2F95EC501FE7B1A700F923BA /* VCselectionTests */,
				2F95EC5B1FE7B1A700F923BA /* VCselectionUITests */,
				2F95EC361FE7B1A700F923BA /* Products */,
			);
			sourceTree = "<group>";
		};
		2F95EC361FE7B1A700F923BA /* Products */ = {
			isa = PBXGroup;
			children = (
				2F95EC351FE7B1A700F923BA /* VCselection.app */,
				2F95EC4D1FE7B1A700F923BA /* VCselectionTests.xctest */,
				2F95EC581FE7B1A700F923BA /* VCselectionUITests.xctest */,
			);
			name = Products;
			sourceTree = "<group>";
		};
		2F95EC371FE7B1A700F923BA /* VCselection */ = {
			isa = PBXGroup;
			children = (
				2F95EC381FE7B1A700F923BA /* AppDelegate.h */,
				2F95EC391FE7B1A700F923BA /* AppDelegate.m */,
				2F95EC3B1FE7B1A700F923BA /* ViewController.h */,
				2F95EC3C1FE7B1A700F923BA /* ViewController.m */,
				2F95EC3E1FE7B1A700F923BA /* Main.storyboard */,
				2F95EC411FE7B1A700F923BA /* Assets.xcassets */,
				2F95EC431FE7B1A700F923BA /* LaunchScreen.storyboard */,
				2F95EC461FE7B1A700F923BA /* Info.plist */,
				2F95EC471FE7B1A700F923BA /* main.m */,
			);
			path = VCselection;
			sourceTree = "<group>";
		};
		2F95EC501FE7B1A700F923BA /* VCselectionTests */ = {
			isa = PBXGroup;
			children = (
				2F95EC511FE7B1A700F923BA /* VCselectionTests.m */,
				2F95EC531FE7B1A700F923BA /* Info.plist */,
			);
			path = VCselectionTests;
			sourceTree = "<group>";
		};
		2F95EC5B1FE7B1A700F923BA /* VCselectionUITests */ = {
			isa = PBXGroup;
			children = (
				2F95EC5C1FE7B1A700F923BA /* VCselectionUITests.m */,
				2F95EC5E1FE7B1A700F923BA /* Info.plist */,
			);
			path = VCselectionUITests;
			sourceTree = "<group>";
		};
/* End PBXGroup section */

/* Begin PBXNativeTarget section */
		2F95EC341FE7B1A700F923BA /* VCselection */ = {
			isa = PBXNativeTarget;
			buildConfigurationList = 2F95EC611FE7B1A700F923BA /* Build configuration list for PBXNativeTarget "VCselection" */;
			buildPhases = (
				2F95EC311FE7B1A700F923BA /* Sources */,
				2F95EC321FE7B1A700F923BA /* Frameworks */,
				2F95EC331FE7B1A700F923BA /* Resources */,
			);
			buildRules = (
			);
			dependencies = (
			);
			name = VCselection;
			productName = VCselection;
			productReference = 2F95EC351FE7B1A700F923BA /* VCselection.app */;
			productType = "com.apple.product-type.application";
		};
		2F95EC4C1FE7B1A700F923BA /* VCselectionTests */ = {
			isa = PBXNativeTarget;
			buildConfigurationList = 2F95EC641FE7B1A700F923BA /* Build configuration list for PBXNativeTarget "VCselectionTests" */;
			buildPhases = (
				2F95EC491FE7B1A700F923BA /* Sources */,
				2F95EC4A1FE7B1A700F923BA /* Frameworks */,
				2F95EC4B1FE7B1A700F923BA /* Resources */,
			);
			buildRules = (
			);
			dependencies = (
				2F95EC4F1FE7B1A700F923BA /* PBXTargetDependency */,
			);
			name = VCselectionTests;
			productName = VCselectionTests;
			productReference = 2F95EC4D1FE7B1A700F923BA /* VCselectionTests.xctest */;
			productType = "com.apple.product-type.bundle.unit-test";
		};
		2F95EC571FE7B1A700F923BA /* VCselectionUITests */ = {
			isa = PBXNativeTarget;
			buildConfigurationList = 2F95EC671FE7B1A700F923BA /* Build configuration list for PBXNativeTarget "VCselectionUITests" */;
			buildPhases = (
				2F95EC541FE7B1A700F923BA /* Sources */,
				2F95EC551FE7B1A700F923BA /* Frameworks */,
				2F95EC561FE7B1A700F923BA /* Resources */,
			);
			buildRules = (
			);
			dependencies = (
				2F95EC5A1FE7B1A700F923BA /* PBXTargetDependency */,
			);
			name = VCselectionUITests;
			productName = VCselectionUITests;
			productReference = 2F95EC581FE7B1A700F923BA /* VCselectionUITests.xctest */;
			productType = "com.apple.product-type.bundle.ui-testing";
		};
/* End PBXNativeTarget section */

/* Begin PBXProject section */
		2F95EC2D1FE7B1A700F923BA /* Project object */ = {
			isa = PBXProject;
			attributes = {
				LastUpgradeCheck = 0920;
				ORGANIZATIONNAME = "张杰";
				TargetAttributes = {
					2F95EC341FE7B1A700F923BA = {
						CreatedOnToolsVersion = 9.2;
						ProvisioningStyle = Automatic;
					};
					2F95EC4C1FE7B1A700F923BA = {
						CreatedOnToolsVersion = 9.2;
						ProvisioningStyle = Automatic;
						TestTargetID = 2F95EC341FE7B1A700F923BA;
					};
					2F95EC571FE7B1A700F923BA = {
						CreatedOnToolsVersion = 9.2;
						ProvisioningStyle = Automatic;
						TestTargetID = 2F95EC341FE7B1A700F923BA;
					};
				};
			};
			buildConfigurationList = 2F95EC301FE7B1A700F923BA /* Build configuration list for PBXProject "VCselection" */;
			compatibilityVersion = "Xcode 8.0";
			developmentRegion = en;
			hasScannedForEncodings = 0;
			knownRegions = (
				en,
				Base,
			);
			mainGroup = 2F95EC2C1FE7B1A700F923BA;
			productRefGroup = 2F95EC361FE7B1A700F923BA /* Products */;
			projectDirPath = "";
			projectRoot = "";
			targets = (
				2F95EC341FE7B1A700F923BA /* VCselection */,
				2F95EC4C1FE7B1A700F923BA /* VCselectionTests */,
				2F95EC571FE7B1A700F923BA /* VCselectionUITests */,
			);
		};
/* End PBXProject section */

/* Begin PBXResourcesBuildPhase section */
		2F95EC331FE7B1A700F923BA /* Resources */ = {
			isa = PBXResourcesBuildPhase;
			buildActionMask = 2147483647;
			files = (
				2F95EC451FE7B1A700F923BA /* LaunchScreen.storyboard in Resources */,
				2F95EC421FE7B1A700F923BA /* Assets.xcassets in Resources */,
				2F95EC401FE7B1A700F923BA /* Main.storyboard in Resources */,
			);
			runOnlyForDeploymentPostprocessing = 0;
		};
		2F95EC4B1FE7B1A700F923BA /* Resources */ = {
			isa = PBXResourcesBuildPhase;
			buildActionMask = 2147483647;
			files = (
			);
			runOnlyForDeploymentPostprocessing = 0;
		};
		2F95EC561FE7B1A700F923BA /* Resources */ = {
			isa = PBXResourcesBuildPhase;
			buildActionMask = 2147483647;
			files = (
			);
			runOnlyForDeploymentPostprocessing = 0;
		};
/* End PBXResourcesBuildPhase section */

/* Begin PBXSourcesBuildPhase section */
		2F95EC311FE7B1A700F923BA /* Sources */ = {
			isa = PBXSourcesBuildPhase;
			buildActionMask = 2147483647;
			files = (
				2F95EC3D1FE7B1A700F923BA /* ViewController.m in Sources */,
				2F95EC481FE7B1A700F923BA /* main.m in Sources */,
				2F95EC3A1FE7B1A700F923BA /* AppDelegate.m in Sources */,
			);
			runOnlyForDeploymentPostprocessing = 0;
		};
		2F95EC491FE7B1A700F923BA /* Sources */ = {
			isa = PBXSourcesBuildPhase;
			buildActionMask = 2147483647;
			files = (
				2F95EC521FE7B1A700F923BA /* VCselectionTests.m in Sources */,
			);
			runOnlyForDeploymentPostprocessing = 0;
		};
		2F95EC541FE7B1A700F923BA /* Sources */ = {
			isa = PBXSourcesBuildPhase;
			buildActionMask = 2147483647;
			files = (
				2F95EC5D1FE7B1A700F923BA /* VCselectionUITests.m in Sources */,
			);
			runOnlyForDeploymentPostprocessing = 0;
		};
/* End PBXSourcesBuildPhase section */

/* Begin PBXTargetDependency section */
		2F95EC4F1FE7B1A700F923BA /* PBXTargetDependency */ = {
			isa = PBXTargetDependency;
			target = 2F95EC341FE7B1A700F923BA /* VCselection */;
			targetProxy = 2F95EC4E1FE7B1A700F923BA /* PBXContainerItemProxy */;
		};
		2F95EC5A1FE7B1A700F923BA /* PBXTargetDependency */ = {
			isa = PBXTargetDependency;
			target = 2F95EC341FE7B1A700F923BA /* VCselection */;
			targetProxy = 2F95EC591FE7B1A700F923BA /* PBXContainerItemProxy */;
		};
/* End PBXTargetDependency section */

/* Begin PBXVariantGroup section */
		2F95EC3E1FE7B1A700F923BA /* Main.storyboard */ = {
			isa = PBXVariantGroup;
			children = (
				2F95EC3F1FE7B1A700F923BA /* Base */,
			);
			name = Main.storyboard;
			sourceTree = "<group>";
		};
		2F95EC431FE7B1A700F923BA /* LaunchScreen.storyboard */ = {
			isa = PBXVariantGroup;
			children = (
				2F95EC441FE7B1A700F923BA /* Base */,
			);
			name = LaunchScreen.storyboard;
			sourceTree = "<group>";
		};
/* End PBXVariantGroup section */

/* Begin XCBuildConfiguration section */
		2F95EC5F1FE7B1A700F923BA /* Debug */ = {
			isa = XCBuildConfiguration;
			buildSettings = {
				ALWAYS_SEARCH_USER_PATHS = NO;
				CLANG_ANALYZER_NONNULL = YES;
				CLANG_ANALYZER_NUMBER_OBJECT_CONVERSION = YES_AGGRESSIVE;
				CLANG_CXX_LANGUAGE_STANDARD = "gnu++14";
				CLANG_CXX_LIBRARY = "libc++";
				CLANG_ENABLE_MODULES = YES;
				CLANG_ENABLE_OBJC_ARC = YES;
				CLANG_WARN_BLOCK_CAPTURE_AUTORELEASING = YES;
				CLANG_WARN_BOOL_CONVERSION = YES;
				CLANG_WARN_COMMA = YES;
				CLANG_WARN_CONSTANT_CONVERSION = YES;
				CLANG_WARN_DIRECT_OBJC_ISA_USAGE = YES_ERROR;
				CLANG_WARN_DOCUMENTATION_COMMENTS = YES;
				CLANG_WARN_EMPTY_BODY = YES;
				CLANG_WARN_ENUM_CONVERSION = YES;
				CLANG_WARN_INFINITE_RECURSION = YES;
				CLANG_WARN_INT_CONVERSION = YES;
				CLANG_WARN_NON_LITERAL_NULL_CONVERSION = YES;
				CLANG_WARN_OBJC_LITERAL_CONVERSION = YES;
				CLANG_WARN_OBJC_ROOT_CLASS = YES_ERROR;
				CLANG_WARN_RANGE_LOOP_ANALYSIS = YES;
				CLANG_WARN_STRICT_PROTOTYPES = YES;
				CLANG_WARN_SUSPICIOUS_MOVE = YES;
				CLANG_WARN_UNGUARDED_AVAILABILITY = YES_AGGRESSIVE;
				CLANG_WARN_UNREACHABLE_CODE = YES;
				CLANG_WARN__DUPLICATE_METHOD_MATCH = YES;
				CODE_SIGN_IDENTITY = "iPhone Developer";
				COPY_PHASE_STRIP = NO;
				DEBUG_INFORMATION_FORMAT = dwarf;
				ENABLE_STRICT_OBJC_MSGSEND = YES;
				ENABLE_TESTABILITY = YES;
				GCC_C_LANGUAGE_STANDARD = gnu11;
				GCC_DYNAMIC_NO_PIC = NO;
				GCC_NO_COMMON_BLOCKS = YES;
				GCC_OPTIMIZATION_LEVEL = 0;
				GCC_PREPROCESSOR_DEFINITIONS = (
					"DEBUG=1",
					"$(inherited)",
				);
				GCC_WARN_64_TO_32_BIT_CONVERSION = YES;
				GCC_WARN_ABOUT_RETURN_TYPE = YES_ERROR;
				GCC_WARN_UNDECLARED_SELECTOR = YES;
				GCC_WARN_UNINITIALIZED_AUTOS = YES_AGGRESSIVE;
				GCC_WARN_UNUSED_FUNCTION = YES;
				GCC_WARN_UNUSED_VARIABLE = YES;
				IPHONEOS_DEPLOYMENT_TARGET = 11.2;
				MTL_ENABLE_DEBUG_INFO = YES;
				ONLY_ACTIVE_ARCH = YES;
				SDKROOT = iphoneos;
			};
			name = Debug;
		};
		2F95EC601FE7B1A700F923BA /* Release */ = {
			isa = XCBuildConfiguration;
			buildSettings = {
				ALWAYS_SEARCH_USER_PATHS = NO;
				CLANG_ANALYZER_NONNULL = YES;
				CLANG_ANALYZER_NUMBER_OBJECT_CONVERSION = YES_AGGRESSIVE;
				CLANG_CXX_LANGUAGE_STANDARD = "gnu++14";
				CLANG_CXX_LIBRARY = "libc++";
				CLANG_ENABLE_MODULES = YES;
				CLANG_ENABLE_OBJC_ARC = YES;
				CLANG_WARN_BLOCK_CAPTURE_AUTORELEASING = YES;
				CLANG_WARN_BOOL_CONVERSION = YES;
				CLANG_WARN_COMMA = YES;
				CLANG_WARN_CONSTANT_CONVERSION = YES;
				CLANG_WARN_DIRECT_OBJC_ISA_USAGE = YES_ERROR;
				CLANG_WARN_DOCUMENTATION_COMMENTS = YES;
				CLANG_WARN_EMPTY_BODY = YES;
				CLANG_WARN_ENUM_CONVERSION = YES;
				CLANG_WARN_INFINITE_RECURSION = YES;
				CLANG_WARN_INT_CONVERSION = YES;
				CLANG_WARN_NON_LITERAL_NULL_CONVERSION = YES;
				CLANG_WARN_OBJC_LITERAL_CONVERSION = YES;
				CLANG_WARN_OBJC_ROOT_CLASS = YES_ERROR;
				CLANG_WARN_RANGE_LOOP_ANALYSIS = YES;
				CLANG_WARN_STRICT_PROTOTYPES = YES;
				CLANG_WARN_SUSPICIOUS_MOVE = YES;
				CLANG_WARN_UNGUARDED_AVAILABILITY = YES_AGGRESSIVE;
				CLANG_WARN_UNREACHABLE_CODE = YES;
				CLANG_WARN__DUPLICATE_METHOD_MATCH = YES;
				CODE_SIGN_IDENTITY = "iPhone Developer";
				COPY_PHASE_STRIP = NO;
				DEBUG_INFORMATION_FORMAT = "dwarf-with-dsym";
				ENABLE_NS_ASSERTIONS = NO;
				ENABLE_STRICT_OBJC_MSGSEND = YES;
				GCC_C_LANGUAGE_STANDARD = gnu11;
				GCC_NO_COMMON_BLOCKS = YES;
				GCC_WARN_64_TO_32_BIT_CONVERSION = YES;
				GCC_WARN_ABOUT_RETURN_TYPE = YES_ERROR;
				GCC_WARN_UNDECLARED_SELECTOR = YES;
				GCC_WARN_UNINITIALIZED_AUTOS = YES_AGGRESSIVE;
				GCC_WARN_UNUSED_FUNCTION = YES;
				GCC_WARN_UNUSED_VARIABLE = YES;
				IPHONEOS_DEPLOYMENT_TARGET = 11.2;
				MTL_ENABLE_DEBUG_INFO = NO;
				SDKROOT = iphoneos;
				VALIDATE_PRODUCT = YES;
			};
			name = Release;
		};
		2F95EC621FE7B1A700F923BA /* Debug */ = {
			isa = XCBuildConfiguration;
			buildSettings = {
				ASSETCATALOG_COMPILER_APPICON_NAME = AppIcon;
				CODE_SIGN_STYLE = Automatic;
				INFOPLIST_FILE = VCselection/Info.plist;
				LD_RUNPATH_SEARCH_PATHS = "$(inherited) @executable_path/Frameworks";
				PRODUCT_BUNDLE_IDENTIFIER = zhangjie.VCselection;
				PRODUCT_NAME = "$(TARGET_NAME)";
				TARGETED_DEVICE_FAMILY = "1,2";
			};
			name = Debug;
		};
		2F95EC631FE7B1A700F923BA /* Release */ = {
			isa = XCBuildConfiguration;
			buildSettings = {
				ASSETCATALOG_COMPILER_APPICON_NAME = AppIcon;
				CODE_SIGN_STYLE = Automatic;
				INFOPLIST_FILE = VCselection/Info.plist;
				LD_RUNPATH_SEARCH_PATHS = "$(inherited) @executable_path/Frameworks";
				PRODUCT_BUNDLE_IDENTIFIER = zhangjie.VCselection;
				PRODUCT_NAME = "$(TARGET_NAME)";
				TARGETED_DEVICE_FAMILY = "1,2";
			};
			name = Release;
		};
		2F95EC651FE7B1A700F923BA /* Debug */ = {
			isa = XCBuildConfiguration;
			buildSettings = {
				BUNDLE_LOADER = "$(TEST_HOST)";
				CODE_SIGN_STYLE = Automatic;
				INFOPLIST_FILE = VCselectionTests/Info.plist;
				LD_RUNPATH_SEARCH_PATHS = "$(inherited) @executable_path/Frameworks @loader_path/Frameworks";
				PRODUCT_BUNDLE_IDENTIFIER = zhangjie.VCselectionTests;
				PRODUCT_NAME = "$(TARGET_NAME)";
				TARGETED_DEVICE_FAMILY = "1,2";
				TEST_HOST = "$(BUILT_PRODUCTS_DIR)/VCselection.app/VCselection";
			};
			name = Debug;
		};
		2F95EC661FE7B1A700F923BA /* Release */ = {
			isa = XCBuildConfiguration;
			buildSettings = {
				BUNDLE_LOADER = "$(TEST_HOST)";
				CODE_SIGN_STYLE = Automatic;
				INFOPLIST_FILE = VCselectionTests/Info.plist;
				LD_RUNPATH_SEARCH_PATHS = "$(inherited) @executable_path/Frameworks @loader_path/Frameworks";
				PRODUCT_BUNDLE_IDENTIFIER = zhangjie.VCselectionTests;
				PRODUCT_NAME = "$(TARGET_NAME)";
				TARGETED_DEVICE_FAMILY = "1,2";
				TEST_HOST = "$(BUILT_PRODUCTS_DIR)/VCselection.app/VCselection";
			};
			name = Release;
		};
		2F95EC681FE7B1A700F923BA /* Debug */ = {
			isa = XCBuildConfiguration;
			buildSettings = {
				CODE_SIGN_STYLE = Automatic;
				INFOPLIST_FILE = VCselectionUITests/Info.plist;
				LD_RUNPATH_SEARCH_PATHS = "$(inherited) @executable_path/Frameworks @loader_path/Frameworks";
				PRODUCT_BUNDLE_IDENTIFIER = zhangjie.VCselectionUITests;
				PRODUCT_NAME = "$(TARGET_NAME)";
				TARGETED_DEVICE_FAMILY = "1,2";
				TEST_TARGET_NAME = VCselection;
			};
			name = Debug;
		};
		2F95EC691FE7B1A700F923BA /* Release */ = {
			isa = XCBuildConfiguration;
			buildSettings = {
				CODE_SIGN_STYLE = Automatic;
				INFOPLIST_FILE = VCselectionUITests/Info.plist;
				LD_RUNPATH_SEARCH_PATHS = "$(inherited) @executable_path/Frameworks @loader_path/Frameworks";
				PRODUCT_BUNDLE_IDENTIFIER = zhangjie.VCselectionUITests;
				PRODUCT_NAME = "$(TARGET_NAME)";
				TARGETED_DEVICE_FAMILY = "1,2";
				TEST_TARGET_NAME = VCselection;
			};
			name = Release;
		};
/* End XCBuildConfiguration section */

/* Begin XCConfigurationList section */
		2F95EC301FE7B1A700F923BA /* Build configuration list for PBXProject "VCselection" */ = {
			isa = XCConfigurationList;
			buildConfigurations = (
				2F95EC5F1FE7B1A700F923BA /* Debug */,
				2F95EC601FE7B1A700F923BA /* Release */,
			);
			defaultConfigurationIsVisible = 0;
			defaultConfigurationName = Release;
		};
		2F95EC611FE7B1A700F923BA /* Build configuration list for PBXNativeTarget "VCselection" */ = {
			isa = XCConfigurationList;
			buildConfigurations = (
				2F95EC621FE7B1A700F923BA /* Debug */,
				2F95EC631FE7B1A700F923BA /* Release */,
			);
			defaultConfigurationIsVisible = 0;
			defaultConfigurationName = Release;
		};
		2F95EC641FE7B1A700F923BA /* Build configuration list for PBXNativeTarget "VCselectionTests" */ = {
			isa = XCConfigurationList;
			buildConfigurations = (
				2F95EC651FE7B1A700F923BA /* Debug */,
				2F95EC661FE7B1A700F923BA /* Release */,
			);
			defaultConfigurationIsVisible = 0;
			defaultConfigurationName = Release;
		};
		2F95EC671FE7B1A700F923BA /* Build configuration list for PBXNativeTarget "VCselectionUITests" */ = {
			isa = XCConfigurationList;
			buildConfigurations = (
				2F95EC681FE7B1A700F923BA /* Debug */,
				2F95EC691FE7B1A700F923BA /* Release */,
			);
			defaultConfigurationIsVisible = 0;
			defaultConfigurationName = Release;
		};
/* End XCConfigurationList section */
	};
	rootObject = 2F95EC2D1FE7B1A700F923BA /* Project object */;
}
